{
  "lockfileVersion": 1,
  "workspaces": {
    "": {
      "name": "rescript-solid",
      "dependencies": {
        "rescript": "12.0.0-rc.2",
      },
    },
  },
  "packages": {
    "@rescript/darwin-arm64": ["@rescript/darwin-arm64@12.0.0-rc.2", "", { "os": "darwin", "cpu": "arm64" }, "sha512-VADEIjad3f5ptd8R+wa0oNjD31jefpo6LEYzjZVfjyRjqMy90+TvbedLe2u23AjAzvemGC4agLQ3dFN7hyGwPg=="],

    "@rescript/darwin-x64": ["@rescript/darwin-x64@12.0.0-rc.2", "", { "os": "darwin", "cpu": "x64" }, "sha512-t+nIspr7ZPutLRBeaPE/6vU7BmiwA3p+5x4GC997Wgax4UA/hoOkfgLhCOxb7uAEUNDLPGNvnIm6nQLcZrpRPA=="],

    "@rescript/linux-arm64": ["@rescript/linux-arm64@12.0.0-rc.2", "", { "os": "linux", "cpu": "arm64" }, "sha512-vSEsw20NtkjkhIiwFgpL7IuSrb2StOvM0DXCsrrVu7KXJd/4OgyOZ/kKu4IFC+b30+408fmOuaCEFJkJHP7lVg=="],

    "@rescript/linux-x64": ["@rescript/linux-x64@12.0.0-rc.2", "", { "os": "linux", "cpu": "x64" }, "sha512-Ey2UbjVukw4d/JswiYvK0Yw1hguljHQbLN6+OTzYHyGNOgBiaCagY2nJ9LVO9FPY6c18L8Od69iUSOvJ7UO34g=="],

    "@rescript/runtime": ["@rescript/runtime@12.0.0-rc.2", "", {}, "sha512-VFF22f9+ZwFHeK7WKcLbYZBRydO5vhec29XLbeX95U/AyXhg6N07vyg/ibe4s5RG0OW8eyLnMR1xy+ZfSDbCXA=="],

    "@rescript/win32-x64": ["@rescript/win32-x64@12.0.0-rc.2", "", { "os": "win32", "cpu": "x64" }, "sha512-UhqMIH79BJRZ74PBRVu4cgu+mInzDhT5/wlYxCp/4FOXRRmomxgJa/fExqL/uj3zoVNrBHDeySrVmcB5MNCRGg=="],

    "rescript": ["rescript@12.0.0-rc.2", "", { "dependencies": { "@rescript/runtime": "12.0.0-rc.2" }, "optionalDependencies": { "@rescript/darwin-arm64": "12.0.0-rc.2", "@rescript/darwin-x64": "12.0.0-rc.2", "@rescript/linux-arm64": "12.0.0-rc.2", "@rescript/linux-x64": "12.0.0-rc.2", "@rescript/win32-x64": "12.0.0-rc.2" }, "bin": { "bsc": "cli/bsc.js", "rescript": "cli/rescript.js", "bstracing": "cli/bstracing.js", "rescript-tools": "cli/rescript-tools.js", "rescript-legacy": "cli/rescript-legacy.js" } }, "sha512-oxrqffKJ134NH7H36e/UCBKBhKD/TIuy27YOARBIWZ1W58ptZYqTvPZ2wpe1UPleOF+JH/GXSQCbiGmI+hwwzA=="],
  }
}
