{
  "name": "rescript-solid",
  "version": "0.1.0",
  "lockfileVersion": 3,
  "requires": true,
  "packages": {
    "": {
      "name": "rescript-solid",
      "version": "0.1.0",
      "license": "MIT",
      "devDependencies": {
        "rescript": "12.2.0-rc.1",
        "solid-js": "^1.9.0"
      },
      "peerDependencies": {
        "rescript": ">=12.2.0",
        "solid-js": ">=1.8.0"
      }
    },
    "node_modules/@rescript/darwin-arm64": {
      "version": "12.2.0-rc.1",
      "resolved": "https://registry.npmjs.org/@rescript/darwin-arm64/-/darwin-arm64-12.2.0-rc.1.tgz",
      "integrity": "sha512-UoQElHfMRs9sQ5Kk2IEUTZ+YyBRUFKggIWp8XbtDd38un6rir1ujo6Mhcl0/WWFGuyad7VAJP4D0GCAOuKUqkA==",
      "cpu": [
        "arm64"
      ],
      "dev": true,
      "optional": true,
      "os": [
        "darwin"
      ],
      "engines": {
        "node": ">=20.11.0"
      }
    },
    "node_modules/@rescript/darwin-x64": {
      "version": "12.2.0-rc.1",
      "resolved": "https://registry.npmjs.org/@rescript/darwin-x64/-/darwin-x64-12.2.0-rc.1.tgz",
      "integrity": "sha512-sfRlDyUfCe13aV9qeuTkYTwCTn8IN4IOjWP1JWaNkl2BI0yc1bqVpUdD0OnSijcNJLtSP/DrDsIcEp2I/JGYGw==",
      "cpu": [
        "x64"
      ],
      "dev": true,
      "optional": true,
      "os": [
        "darwin"
      ],
      "engines": {
        "node": ">=20.11.0"
      }
    },
    "node_modules/@rescript/linux-arm64": {
      "version": "12.2.0-rc.1",
      "resolved": "https://registry.npmjs.org/@rescript/linux-arm64/-/linux-arm64-12.2.0-rc.1.tgz",
      "integrity": "sha512-AO7ceQe6w5hoNg1dDXD2ewYMWum+AA6DUHBs++n9umsHzoHcJIk5udlYnCyU5FxgXnzn4T3wESPCBS0SxAPBtw==",
      "cpu": [
        "arm64"
      ],
      "dev": true,
      "optional": true,
      "os": [
        "linux"
      ],
      "engines": {
        "node": ">=20.11.0"
      }
    },
    "node_modules/@rescript/linux-x64": {
      "version": "12.2.0-rc.1",
      "resolved": "https://registry.npmjs.org/@rescript/linux-x64/-/linux-x64-12.2.0-rc.1.tgz",
      "integrity": "sha512-26/Is70/dU11xJIvhb7f6h9cvk7xqrWhQ1MtmiKqT1TRtX1T8HE+1nYvhI57Tp7mExerkPIgZDU/SKfhMaeuFw==",
      "cpu": [
        "x64"
      ],
      "dev": true,
      "optional": true,
      "os": [
        "linux"
      ],
      "engines": {
        "node": ">=20.11.0"
      }
    },
    "node_modules/@rescript/runtime": {
      "version": "12.2.0-rc.1",
      "resolved": "https://registry.npmjs.org/@rescript/runtime/-/runtime-12.2.0-rc.1.tgz",
      "integrity": "sha512-T9oXYacZgpQmuwPLa/niw1zQdGsdKBR0ABq5trhbrw+4q5KdgafIqinl0rkI1IBn7Dc1Tb857gqtqobzIR/AMw==",
      "dev": true
    },
    "node_modules/@rescript/win32-x64": {
      "version": "12.2.0-rc.1",
      "resolved": "https://registry.npmjs.org/@rescript/win32-x64/-/win32-x64-12.2.0-rc.1.tgz",
      "integrity": "sha512-+blvRHc9P1QtgfjtkLDJgUGN0dn/hPncIP4ybss84EZFcDetEnTy5LKMepWYDyG71dgFN4HFoTbyXvt7EI5bZg==",
      "cpu": [
        "x64"
      ],
      "dev": true,
      "optional": true,
      "os": [
        "win32"
      ],
      "engines": {
        "node": ">=20.11.0"
      }
    },
    "node_modules/csstype": {
      "version": "3.2.3",
      "resolved": "https://registry.npmjs.org/csstype/-/csstype-3.2.3.tgz",
      "integrity": "sha512-z1HGKcYy2xA8AGQfwrn0PAy+PB7X/GSj3UVJW9qKyn43xWa+gl5nXmU4qqLMRzWVLFC8KusUX8T/0kCiOYpAIQ==",
      "dev": true,
      "license": "MIT"
    },
    "node_modules/rescript": {
      "version": "12.2.0-rc.1",
      "resolved": "https://registry.npmjs.org/rescript/-/rescript-12.2.0-rc.1.tgz",
      "integrity": "sha512-3KsxhbsfoMkMV4hQeNggrsGtqIhCEnokdH5TzTRoV7pWjGEik2gfHtBr7Hc1VjnEgIO7Wf2+IdMaE3L/NUwxjg==",
      "dev": true,
      "license": "SEE LICENSE IN LICENSE",
      "workspaces": [
        "packages/playground",
        "packages/@rescript/*",
        "tests/dependencies/**",
        "tests/analysis_tests/**",
        "tests/docstring_tests",
        "tests/gentype_tests/**",
        "tests/tools_tests",
        "tests/commonjs_tests",
        "scripts/res"
      ],
      "dependencies": {
        "@rescript/runtime": "12.2.0-rc.1"
      },
      "bin": {
        "bsc": "cli/bsc.js",
        "bstracing": "cli/bstracing.js",
        "rescript": "cli/rescript.js",
        "rescript-legacy": "cli/rescript-legacy.js",
        "rescript-tools": "cli/rescript-tools.js"
      },
      "engines": {
        "node": ">=20.11.0"
      },
      "optionalDependencies": {
        "@rescript/darwin-arm64": "12.2.0-rc.1",
        "@rescript/darwin-x64": "12.2.0-rc.1",
        "@rescript/linux-arm64": "12.2.0-rc.1",
        "@rescript/linux-x64": "12.2.0-rc.1",
        "@rescript/win32-x64": "12.2.0-rc.1"
      }
    },
    "node_modules/seroval": {
      "version": "1.5.0",
      "resolved": "https://registry.npmjs.org/seroval/-/seroval-1.5.0.tgz",
      "integrity": "sha512-OE4cvmJ1uSPrKorFIH9/w/Qwuvi/IMcGbv5RKgcJ/zjA/IohDLU6SVaxFN9FwajbP7nsX0dQqMDes1whk3y+yw==",
      "dev": true,
      "license": "MIT",
      "engines": {
        "node": ">=10"
      }
    },
    "node_modules/seroval-plugins": {
      "version": "1.5.0",
      "resolved": "https://registry.npmjs.org/seroval-plugins/-/seroval-plugins-1.5.0.tgz",
      "integrity": "sha512-EAHqADIQondwRZIdeW2I636zgsODzoBDwb3PT/+7TLDWyw1Dy/Xv7iGUIEXXav7usHDE9HVhOU61irI3EnyyHA==",
      "dev": true,
      "license": "MIT",
      "engines": {
        "node": ">=10"
      },
      "peerDependencies": {
        "seroval": "^1.0"
      }
    },
    "node_modules/solid-js": {
      "version": "1.9.11",
      "resolved": "https://registry.npmjs.org/solid-js/-/solid-js-1.9.11.tgz",
      "integrity": "sha512-WEJtcc5mkh/BnHA6Yrg4whlF8g6QwpmXXRg4P2ztPmcKeHHlH4+djYecBLhSpecZY2RRECXYUwIc/C2r3yzQ4Q==",
      "dev": true,
      "license": "MIT",
      "dependencies": {
        "csstype": "^3.1.0",
        "seroval": "~1.5.0",
        "seroval-plugins": "~1.5.0"
      }
    }
  }
}
